
Microsoft Visual Studio Solution File, Format Version 12.00
# Visual Studio 15
VisualStudioVersion = 15.0.26730.16
MinimumVisualStudioVersion = 10.0.40219.1
Project("{FAE04EC0-301F-11D3-BF4B-00C04F79EFBC}") = "AsynchronousMergeSort", "AsynchronousMergeSort\AsynchronousMergeSort.csproj", "{7CB93E89-2074-49F4-9D3A-808CEC2E85EF}"
EndProject
Project("{FAE04EC0-301F-11D3-BF4B-00C04F79EFBC}") = "AsynchronousMergeSortTests", "AsynchronousMergeSortTests\AsynchronousMergeSortTests.csproj", "{8B25F04E-6E5B-415F-BD51-A0A6DDE7EB01}"
EndProject
Global
	GlobalSection(SolutionConfigurationPlatforms) = preSolution
		Debug|Any CPU = Debug|Any CPU
		Release|Any CPU = Release|Any CPU
	EndGlobalSection
	GlobalSection(ProjectConfigurationPlatforms) = postSolution
		{7CB93E89-2074-49F4-9D3A-808CEC2E85EF}.Debug|Any CPU.ActiveCfg = Debug|Any CPU
		{7CB93E89-2074-49F4-9D3A-808CEC2E85EF}.Debug|Any CPU.Build.0 = Debug|Any CPU
		{7CB93E89-2074-49F4-9D3A-808CEC2E85EF}.Release|Any CPU.ActiveCfg = Release|Any CPU
		{7CB93E89-2074-49F4-9D3A-808CEC2E85EF}.Release|Any CPU.Build.0 = Release|Any CPU
		{8B25F04E-6E5B-415F-BD51-A0A6DDE7EB01}.Debug|Any CPU.ActiveCfg = Debug|Any CPU
		{8B25F04E-6E5B-415F-BD51-A0A6DDE7EB01}.Debug|Any CPU.Build.0 = Debug|Any CPU
		{8B25F04E-6E5B-415F-BD51-A0A6DDE7EB01}.Release|Any CPU.ActiveCfg = Release|Any CPU
		{8B25F04E-6E5B-415F-BD51-A0A6DDE7EB01}.Release|Any CPU.Build.0 = Release|Any CPU
	EndGlobalSection
	GlobalSection(SolutionProperties) = preSolution
		HideSolutionNode = FALSE
	EndGlobalSection
	GlobalSection(ExtensibilityGlobals) = postSolution
		SolutionGuid = {09D8F954-2EC9-413B-AFC4-F97AF0911E41}
	EndGlobalSection
EndGlobal
